
Microsoft Visual Studio Solution File, Format Version 12.00
# Visual Studio Version 16
VisualStudioVersion = 16.0.31829.152
MinimumVisualStudioVersion = 10.0.40219.1
Project("{FAE04EC0-301F-11D3-BF4B-00C04F79EFBC}") = "CreateWebForm", "CreateWebForm\CreateWebForm.csproj", "{D8B0725E-E1BB-42EA-A1F7-888E9580EF2A}"
EndProject
Global
	GlobalSection(SolutionConfigurationPlatforms) = preSolution
		Debug|Any CPU = Debug|Any CPU
		Release|Any CPU = Release|Any CPU
	EndGlobalSection
	GlobalSection(ProjectConfigurationPlatforms) = postSolution
		{D8B0725E-E1BB-42EA-A1F7-888E9580EF2A}.Debug|Any CPU.ActiveCfg = Debug|Any CPU
		{D8B0725E-E1BB-42EA-A1F7-888E9580EF2A}.Debug|Any CPU.Build.0 = Debug|Any CPU
		{D8B0725E-E1BB-42EA-A1F7-888E9580EF2A}.Release|Any CPU.ActiveCfg = Release|Any CPU
		{D8B0725E-E1BB-42EA-A1F7-888E9580EF2A}.Release|Any CPU.Build.0 = Release|Any CPU
	EndGlobalSection
	GlobalSection(SolutionProperties) = preSolution
		HideSolutionNode = FALSE
	EndGlobalSection
	GlobalSection(ExtensibilityGlobals) = postSolution
		SolutionGuid = {8C81AEF2-39F7-4660-936B-B55ECD4CAAE8}
	EndGlobalSection
EndGlobal
